
Microsoft Visual Studio Solution File, Format Version 12.00
# Visual Studio 15
VisualStudioVersion = 15.0.28307.1000
MinimumVisualStudioVersion = 10.0.40219.1
Project("{FAE04EC0-301F-11D3-BF4B-00C04F79EFBC}") = "Labo5.Android", "Labo5\Labo5.Android\Labo5.Android.csproj", "{B08FD7A3-B2A0-48E4-8349-32C9C032D087}"
EndProject
Project("{FAE04EC0-301F-11D3-BF4B-00C04F79EFBC}") = "Labo5.iOS", "Labo5\Labo5.iOS\Labo5.iOS.csproj", "{D3B2B636-46B1-4AF6-A976-37A7B5B61742}"
EndProject
Project("{FAE04EC0-301F-11D3-BF4B-00C04F79EFBC}") = "Labo5.UWP", "Labo5\Labo5.UWP\Labo5.UWP.csproj", "{BAF0E4DD-2A8A-4ECC-B612-B9AD88651CCD}"
EndProject
Project("{FAE04EC0-301F-11D3-BF4B-00C04F79EFBC}") = "Labo5", "Labo5\Labo5\Labo5.csproj", "{791B4653-F907-474D-A3B5-825D024D9DB1}"
EndProject
Global
	GlobalSection(SolutionConfigurationPlatforms) = preSolution
		Ad-Hoc|Any CPU = Ad-Hoc|Any CPU
		Ad-Hoc|ARM = Ad-Hoc|ARM
		Ad-Hoc|iPhone = Ad-Hoc|iPhone
		Ad-Hoc|iPhoneSimulator = Ad-Hoc|iPhoneSimulator
		Ad-Hoc|x64 = Ad-Hoc|x64
		Ad-Hoc|x86 = Ad-Hoc|x86
		AppStore|Any CPU = AppStore|Any CPU
		AppStore|ARM = AppStore|ARM
		AppStore|iPhone = AppStore|iPhone
		AppStore|iPhoneSimulator = AppStore|iPhoneSimulator
		AppStore|x64 = AppStore|x64
		AppStore|x86 = AppStore|x86
		Debug|Any CPU = Debug|Any CPU
		Debug|ARM = Debug|ARM
		Debug|iPhone = Debug|iPhone
		Debug|iPhoneSimulator = Debug|iPhoneSimulator
		Debug|x64 = Debug|x64
		Debug|x86 = Debug|x86
		Release|Any CPU = Release|Any CPU
		Release|ARM = Release|ARM
		Release|iPhone = Release|iPhone
		Release|iPhoneSimulator = Release|iPhoneSimulator
		Release|x64 = Release|x64
		Release|x86 = Release|x86
	EndGlobalSection
	GlobalSection(ProjectConfigurationPlatforms) = postSolution
		{B08FD7A3-B2A0-48E4-8349-32C9C032D087}.Ad-Hoc|Any CPU.ActiveCfg = Release|Any CPU
		{B08FD7A3-B2A0-48E4-8349-32C9C032D087}.Ad-Hoc|Any CPU.Build.0 = Release|Any CPU
		{B08FD7A3-B2A0-48E4-8349-32C9C032D087}.Ad-Hoc|Any CPU.Deploy.0 = Release|Any CPU
		{B08FD7A3-B2A0-48E4-8349-32C9C032D087}.Ad-Hoc|ARM.ActiveCfg = Release|Any CPU
		{B08FD7A3-B2A0-48E4-8349-32C9C032D087}.Ad-Hoc|ARM.Build.0 = Release|Any CPU
		{B08FD7A3-B2A0-48E4-8349-32C9C032D087}.Ad-Hoc|ARM.Deploy.0 = Release|Any CPU
		{B08FD7A3-B2A0-48E4-8349-32C9C032D087}.Ad-Hoc|iPhone.ActiveCfg = Release|Any CPU
		{B08FD7A3-B2A0-48E4-8349-32C9C032D087}.Ad-Hoc|iPhone.Build.0 = Release|Any CPU
		{B08FD7A3-B2A0-48E4-8349-32C9C032D087}.Ad-Hoc|iPhone.Deploy.0 = Release|Any CPU
		{B08FD7A3-B2A0-48E4-8349-32C9C032D087}.Ad-Hoc|iPhoneSimulator.ActiveCfg = Release|Any CPU
		{B08FD7A3-B2A0-48E4-8349-32C9C032D087}.Ad-Hoc|iPhoneSimulator.Build.0 = Release|Any CPU
		{B08FD7A3-B2A0-48E4-8349-32C9C032D087}.Ad-Hoc|iPhoneSimulator.Deploy.0 = Release|Any CPU
		{B08FD7A3-B2A0-48E4-8349-32C9C032D087}.Ad-Hoc|x64.ActiveCfg = Release|Any CPU
		{B08FD7A3-B2A0-48E4-8349-32C9C032D087}.Ad-Hoc|x64.Build.0 = Release|Any CPU
		{B08FD7A3-B2A0-48E4-8349-32C9C032D087}.Ad-Hoc|x64.Deploy.0 = Release|Any CPU
		{B08FD7A3-B2A0-48E4-8349-32C9C032D087}.Ad-Hoc|x86.ActiveCfg = Release|Any CPU
		{B08FD7A3-B2A0-48E4-8349-32C9C032D087}.Ad-Hoc|x86.Build.0 = Release|Any CPU
		{B08FD7A3-B2A0-48E4-8349-32C9C032D087}.Ad-Hoc|x86.Deploy.0 = Release|Any CPU
		{B08FD7A3-B2A0-48E4-8349-32C9C032D087}.AppStore|Any CPU.ActiveCfg = Release|Any CPU
		{B08FD7A3-B2A0-48E4-8349-32C9C032D087}.AppStore|Any CPU.Build.0 = Release|Any CPU
		{B08FD7A3-B2A0-48E4-8349-32C9C032D087}.AppStore|Any CPU.Deploy.0 = Release|Any CPU
		{B08FD7A3-B2A0-48E4-8349-32C9C032D087}.AppStore|ARM.ActiveCfg = Release|Any CPU
		{B08FD7A3-B2A0-48E4-8349-32C9C032D087}.AppStore|ARM.Build.0 = Release|Any CPU
		{B08FD7A3-B2A0-48E4-8349-32C9C032D087}.AppStore|ARM.Deploy.0 = Release|Any CPU
		{B08FD7A3-B2A0-48E4-8349-32C9C032D087}.AppStore|iPhone.ActiveCfg = Release|Any CPU
		{B08FD7A3-B2A0-48E4-8349-32C9C032D087}.AppStore|iPhone.Build.0 = Release|Any CPU
		{B08FD7A3-B2A0-48E4-8349-32C9C032D087}.AppStore|iPhone.Deploy.0 = Release|Any CPU
		{B08FD7A3-B2A0-48E4-8349-32C9C032D087}.AppStore|iPhoneSimulator.ActiveCfg = Release|Any CPU
		{B08FD7A3-B2A0-48E4-8349-32C9C032D087}.AppStore|iPhoneSimulator.Build.0 = Release|Any CPU
		{B08FD7A3-B2A0-48E4-8349-32C9C032D087}.AppStore|iPhoneSimulator.Deploy.0 = Release|Any CPU
		{B08FD7A3-B2A0-48E4-8349-32C9C032D087}.AppStore|x64.ActiveCfg = Release|Any CPU
		{B08FD7A3-B2A0-48E4-8349-32C9C032D087}.AppStore|x64.Build.0 = Release|Any CPU
		{B08FD7A3-B2A0-48E4-8349-32C9C032D087}.AppStore|x64.Deploy.0 = Release|Any CPU
		{B08FD7A3-B2A0-48E4-8349-32C9C032D087}.AppStore|x86.ActiveCfg = Release|Any CPU
		{B08FD7A3-B2A0-48E4-8349-32C9C032D087}.AppStore|x86.Build.0 = Release|Any CPU
		{B08FD7A3-B2A0-48E4-8349-32C9C032D087}.AppStore|x86.Deploy.0 = Release|Any CPU
		{B08FD7A3-B2A0-48E4-8349-32C9C032D087}.Debug|Any CPU.ActiveCfg = Debug|Any CPU
		{B08FD7A3-B2A0-48E4-8349-32C9C032D087}.Debug|Any CPU.Build.0 = Debug|Any CPU
		{B08FD7A3-B2A0-48E4-8349-32C9C032D087}.Debug|Any CPU.Deploy.0 = Debug|Any CPU
		{B08FD7A3-B2A0-48E4-8349-32C9C032D087}.Debug|ARM.ActiveCfg = Debug|Any CPU
		{B08FD7A3-B2A0-48E4-8349-32C9C032D087}.Debug|ARM.Build.0 = Debug|Any CPU
		{B08FD7A3-B2A0-48E4-8349-32C9C032D087}.Debug|ARM.Deploy.0 = Debug|Any CPU
		{B08FD7A3-B2A0-48E4-8349-32C9C032D087}.Debug|iPhone.ActiveCfg = Debug|Any CPU
		{B08FD7A3-B2A0-48E4-8349-32C9C032D087}.Debug|iPhone.Build.0 = Debug|Any CPU
		{B08FD7A3-B2A0-48E4-8349-32C9C032D087}.Debug|iPhone.Deploy.0 = Debug|Any CPU
		{B08FD7A3-B2A0-48E4-8349-32C9C032D087}.Debug|iPhoneSimulator.ActiveCfg = Debug|Any CPU
		{B08FD7A3-B2A0-48E4-8349-32C9C032D087}.Debug|iPhoneSimulator.Build.0 = Debug|Any CPU
		{B08FD7A3-B2A0-48E4-8349-32C9C032D087}.Debug|iPhoneSimulator.Deploy.0 = Debug|Any CPU
		{B08FD7A3-B2A0-48E4-8349-32C9C032D087}.Debug|x64.ActiveCfg = Debug|Any CPU
		{B08FD7A3-B2A0-48E4-8349-32C9C032D087}.Debug|x64.Build.0 = Debug|Any CPU
		{B08FD7A3-B2A0-48E4-8349-32C9C032D087}.Debug|x64.Deploy.0 = Debug|Any CPU
		{B08FD7A3-B2A0-48E4-8349-32C9C032D087}.Debug|x86.ActiveCfg = Debug|Any CPU
		{B08FD7A3-B2A0-48E4-8349-32C9C032D087}.Debug|x86.Build.0 = Debug|Any CPU
		{B08FD7A3-B2A0-48E4-8349-32C9C032D087}.Debug|x86.Deploy.0 = Debug|Any CPU
		{B08FD7A3-B2A0-48E4-8349-32C9C032D087}.Release|Any CPU.ActiveCfg = Release|Any CPU
		{B08FD7A3-B2A0-48E4-8349-32C9C032D087}.Release|Any CPU.Build.0 = Release|Any CPU
		{B08FD7A3-B2A0-48E4-8349-32C9C032D087}.Release|Any CPU.Deploy.0 = Release|Any CPU
		{B08FD7A3-B2A0-48E4-8349-32C9C032D087}.Release|ARM.ActiveCfg = Release|Any CPU
		{B08FD7A3-B2A0-48E4-8349-32C9C032D087}.Release|ARM.Build.0 = Release|Any CPU
		{B08FD7A3-B2A0-48E4-8349-32C9C032D087}.Release|ARM.Deploy.0 = Release|Any CPU
		{B08FD7A3-B2A0-48E4-8349-32C9C032D087}.Release|iPhone.ActiveCfg = Release|Any CPU
		{B08FD7A3-B2A0-48E4-8349-32C9C032D087}.Release|iPhone.Build.0 = Release|Any CPU
		{B08FD7A3-B2A0-48E4-8349-32C9C032D087}.Release|iPhone.Deploy.0 = Release|Any CPU
		{B08FD7A3-B2A0-48E4-8349-32C9C032D087}.Release|iPhoneSimulator.ActiveCfg = Release|Any CPU
		{B08FD7A3-B2A0-48E4-8349-32C9C032D087}.Release|iPhoneSimulator.Build.0 = Release|Any CPU
		{B08FD7A3-B2A0-48E4-8349-32C9C032D087}.Release|iPhoneSimulator.Deploy.0 = Release|Any CPU
		{B08FD7A3-B2A0-48E4-8349-32C9C032D087}.Release|x64.ActiveCfg = Release|Any CPU
		{B08FD7A3-B2A0-48E4-8349-32C9C032D087}.Release|x64.Build.0 = Release|Any CPU
		{B08FD7A3-B2A0-48E4-8349-32C9C032D087}.Release|x64.Deploy.0 = Release|Any CPU
		{B08FD7A3-B2A0-48E4-8349-32C9C032D087}.Release|x86.ActiveCfg = Release|Any CPU
		{B08FD7A3-B2A0-48E4-8349-32C9C032D087}.Release|x86.Build.0 = Release|Any CPU
		{B08FD7A3-B2A0-48E4-8349-32C9C032D087}.Release|x86.Deploy.0 = Release|Any CPU
		{D3B2B636-46B1-4AF6-A976-37A7B5B61742}.Ad-Hoc|Any CPU.ActiveCfg = Ad-Hoc|iPhone
		{D3B2B636-46B1-4AF6-A976-37A7B5B61742}.Ad-Hoc|Any CPU.Build.0 = Ad-Hoc|iPhone
		{D3B2B636-46B1-4AF6-A976-37A7B5B61742}.Ad-Hoc|Any CPU.Deploy.0 = Ad-Hoc|iPhone
		{D3B2B636-46B1-4AF6-A976-37A7B5B61742}.Ad-Hoc|ARM.ActiveCfg = Ad-Hoc|iPhone
		{D3B2B636-46B1-4AF6-A976-37A7B5B61742}.Ad-Hoc|ARM.Build.0 = Ad-Hoc|iPhone
		{D3B2B636-46B1-4AF6-A976-37A7B5B61742}.Ad-Hoc|ARM.Deploy.0 = Ad-Hoc|iPhone
		{D3B2B636-46B1-4AF6-A976-37A7B5B61742}.Ad-Hoc|iPhone.ActiveCfg = Ad-Hoc|iPhone
		{D3B2B636-46B1-4AF6-A976-37A7B5B61742}.Ad-Hoc|iPhone.Build.0 = Ad-Hoc|iPhone
		{D3B2B636-46B1-4AF6-A976-37A7B5B61742}.Ad-Hoc|iPhone.Deploy.0 = Ad-Hoc|iPhone
		{D3B2B636-46B1-4AF6-A976-37A7B5B61742}.Ad-Hoc|iPhoneSimulator.ActiveCfg = Ad-Hoc|iPhoneSimulator
		{D3B2B636-46B1-4AF6-A976-37A7B5B61742}.Ad-Hoc|iPhoneSimulator.Build.0 = Ad-Hoc|iPhoneSimulator
		{D3B2B636-46B1-4AF6-A976-37A7B5B61742}.Ad-Hoc|iPhoneSimulator.Deploy.0 = Ad-Hoc|iPhoneSimulator
		{D3B2B636-46B1-4AF6-A976-37A7B5B61742}.Ad-Hoc|x64.ActiveCfg = Ad-Hoc|iPhone
		{D3B2B636-46B1-4AF6-A976-37A7B5B61742}.Ad-Hoc|x64.Build.0 = Ad-Hoc|iPhone
		{D3B2B636-46B1-4AF6-A976-37A7B5B61742}.Ad-Hoc|x64.Deploy.0 = Ad-Hoc|iPhone
		{D3B2B636-46B1-4AF6-A976-37A7B5B61742}.Ad-Hoc|x86.ActiveCfg = Ad-Hoc|iPhone
		{D3B2B636-46B1-4AF6-A976-37A7B5B61742}.Ad-Hoc|x86.Build.0 = Ad-Hoc|iPhone
		{D3B2B636-46B1-4AF6-A976-37A7B5B61742}.Ad-Hoc|x86.Deploy.0 = Ad-Hoc|iPhone
		{D3B2B636-46B1-4AF6-A976-37A7B5B61742}.AppStore|Any CPU.ActiveCfg = AppStore|iPhone
		{D3B2B636-46B1-4AF6-A976-37A7B5B61742}.AppStore|Any CPU.Build.0 = AppStore|iPhone
		{D3B2B636-46B1-4AF6-A976-37A7B5B61742}.AppStore|Any CPU.Deploy.0 = AppStore|iPhone
		{D3B2B636-46B1-4AF6-A976-37A7B5B61742}.AppStore|ARM.ActiveCfg = AppStore|iPhone
		{D3B2B636-46B1-4AF6-A976-37A7B5B61742}.AppStore|ARM.Build.0 = AppStore|iPhone
		{D3B2B636-46B1-4AF6-A976-37A7B5B61742}.AppStore|ARM.Deploy.0 = AppStore|iPhone
		{D3B2B636-46B1-4AF6-A976-37A7B5B61742}.AppStore|iPhone.ActiveCfg = AppStore|iPhone
		{D3B2B636-46B1-4AF6-A976-37A7B5B61742}.AppStore|iPhone.Build.0 = AppStore|iPhone
		{D3B2B636-46B1-4AF6-A976-37A7B5B61742}.AppStore|iPhone.Deploy.0 = AppStore|iPhone
		{D3B2B636-46B1-4AF6-A976-37A7B5B61742}.AppStore|iPhoneSimulator.ActiveCfg = AppStore|iPhoneSimulator
		{D3B2B636-46B1-4AF6-A976-37A7B5B61742}.AppStore|iPhoneSimulator.Build.0 = AppStore|iPhoneSimulator
		{D3B2B636-46B1-4AF6-A976-37A7B5B61742}.AppStore|iPhoneSimulator.Deploy.0 = AppStore|iPhoneSimulator
		{D3B2B636-46B1-4AF6-A976-37A7B5B61742}.AppStore|x64.ActiveCfg = AppStore|iPhone
		{D3B2B636-46B1-4AF6-A976-37A7B5B61742}.AppStore|x64.Build.0 = AppStore|iPhone
		{D3B2B636-46B1-4AF6-A976-37A7B5B61742}.AppStore|x64.Deploy.0 = AppStore|iPhone
		{D3B2B636-46B1-4AF6-A976-37A7B5B61742}.AppStore|x86.ActiveCfg = AppStore|iPhone
		{D3B2B636-46B1-4AF6-A976-37A7B5B61742}.AppStore|x86.Build.0 = AppStore|iPhone
		{D3B2B636-46B1-4AF6-A976-37A7B5B61742}.AppStore|x86.Deploy.0 = AppStore|iPhone
		{D3B2B636-46B1-4AF6-A976-37A7B5B61742}.Debug|Any CPU.ActiveCfg = Debug|iPhoneSimulator
		{D3B2B636-46B1-4AF6-A976-37A7B5B61742}.Debug|Any CPU.Build.0 = Debug|iPhoneSimulator
		{D3B2B636-46B1-4AF6-A976-37A7B5B61742}.Debug|Any CPU.Deploy.0 = Debug|iPhoneSimulator
		{D3B2B636-46B1-4AF6-A976-37A7B5B61742}.Debug|ARM.ActiveCfg = Debug|iPhone
		{D3B2B636-46B1-4AF6-A976-37A7B5B61742}.Debug|ARM.Build.0 = Debug|iPhone
		{D3B2B636-46B1-4AF6-A976-37A7B5B61742}.Debug|ARM.Deploy.0 = Debug|iPhone
		{D3B2B636-46B1-4AF6-A976-37A7B5B61742}.Debug|iPhone.ActiveCfg = Debug|iPhone
		{D3B2B636-46B1-4AF6-A976-37A7B5B61742}.Debug|iPhone.Build.0 = Debug|iPhone
		{D3B2B636-46B1-4AF6-A976-37A7B5B61742}.Debug|iPhone.Deploy.0 = Debug|iPhone
		{D3B2B636-46B1-4AF6-A976-37A7B5B61742}.Debug|iPhoneSimulator.ActiveCfg = Debug|iPhoneSimulator
		{D3B2B636-46B1-4AF6-A976-37A7B5B61742}.Debug|iPhoneSimulator.Build.0 = Debug|iPhoneSimulator
		{D3B2B636-46B1-4AF6-A976-37A7B5B61742}.Debug|iPhoneSimulator.Deploy.0 = Debug|iPhoneSimulator
		{D3B2B636-46B1-4AF6-A976-37A7B5B61742}.Debug|x64.ActiveCfg = Debug|iPhone
		{D3B2B636-46B1-4AF6-A976-37A7B5B61742}.Debug|x64.Build.0 = Debug|iPhone
		{D3B2B636-46B1-4AF6-A976-37A7B5B61742}.Debug|x64.Deploy.0 = Debug|iPhone
		{D3B2B636-46B1-4AF6-A976-37A7B5B61742}.Debug|x86.ActiveCfg = Debug|iPhone
		{D3B2B636-46B1-4AF6-A976-37A7B5B61742}.Debug|x86.Build.0 = Debug|iPhone
		{D3B2B636-46B1-4AF6-A976-37A7B5B61742}.Debug|x86.Deploy.0 = Debug|iPhone
		{D3B2B636-46B1-4AF6-A976-37A7B5B61742}.Release|Any CPU.ActiveCfg = Release|iPhone
		{D3B2B636-46B1-4AF6-A976-37A7B5B61742}.Release|Any CPU.Build.0 = Release|iPhone
		{D3B2B636-46B1-4AF6-A976-37A7B5B61742}.Release|Any CPU.Deploy.0 = Release|iPhone
		{D3B2B636-46B1-4AF6-A976-37A7B5B61742}.Release|ARM.ActiveCfg = Release|iPhone
		{D3B2B636-46B1-4AF6-A976-37A7B5B61742}.Release|ARM.Build.0 = Release|iPhone
		{D3B2B636-46B1-4AF6-A976-37A7B5B61742}.Release|ARM.Deploy.0 = Release|iPhone
		{D3B2B636-46B1-4AF6-A976-37A7B5B61742}.Release|iPhone.ActiveCfg = Release|iPhone
		{D3B2B636-46B1-4AF6-A976-37A7B5B61742}.Release|iPhone.Build.0 = Release|iPhone
		{D3B2B636-46B1-4AF6-A976-37A7B5B61742}.Release|iPhone.Deploy.0 = Release|iPhone
		{D3B2B636-46B1-4AF6-A976-37A7B5B61742}.Release|iPhoneSimulator.ActiveCfg = Release|iPhoneSimulator
		{D3B2B636-46B1-4AF6-A976-37A7B5B61742}.Release|iPhoneSimulator.Build.0 = Release|iPhoneSimulator
		{D3B2B636-46B1-4AF6-A976-37A7B5B61742}.Release|iPhoneSimulator.Deploy.0 = Release|iPhoneSimulator
		{D3B2B636-46B1-4AF6-A976-37A7B5B61742}.Release|x64.ActiveCfg = Release|iPhone
		{D3B2B636-46B1-4AF6-A976-37A7B5B61742}.Release|x64.Build.0 = Release|iPhone
		{D3B2B636-46B1-4AF6-A976-37A7B5B61742}.Release|x64.Deploy.0 = Release|iPhone
		{D3B2B636-46B1-4AF6-A976-37A7B5B61742}.Release|x86.ActiveCfg = Release|iPhone
		{D3B2B636-46B1-4AF6-A976-37A7B5B61742}.Release|x86.Build.0 = Release|iPhone
		{D3B2B636-46B1-4AF6-A976-37A7B5B61742}.Release|x86.Deploy.0 = Release|iPhone
		{BAF0E4DD-2A8A-4ECC-B612-B9AD88651CCD}.Ad-Hoc|Any CPU.ActiveCfg = Release|x86
		{BAF0E4DD-2A8A-4ECC-B612-B9AD88651CCD}.Ad-Hoc|Any CPU.Build.0 = Release|x86
		{BAF0E4DD-2A8A-4ECC-B612-B9AD88651CCD}.Ad-Hoc|Any CPU.Deploy.0 = Release|x86
		{BAF0E4DD-2A8A-4ECC-B612-B9AD88651CCD}.Ad-Hoc|ARM.ActiveCfg = Release|ARM
		{BAF0E4DD-2A8A-4ECC-B612-B9AD88651CCD}.Ad-Hoc|ARM.Build.0 = Release|ARM
		{BAF0E4DD-2A8A-4ECC-B612-B9AD88651CCD}.Ad-Hoc|ARM.Deploy.0 = Release|ARM
		{BAF0E4DD-2A8A-4ECC-B612-B9AD88651CCD}.Ad-Hoc|iPhone.ActiveCfg = Release|x86
		{BAF0E4DD-2A8A-4ECC-B612-B9AD88651CCD}.Ad-Hoc|iPhone.Build.0 = Release|x86
		{BAF0E4DD-2A8A-4ECC-B612-B9AD88651CCD}.Ad-Hoc|iPhone.Deploy.0 = Release|x86
		{BAF0E4DD-2A8A-4ECC-B612-B9AD88651CCD}.Ad-Hoc|iPhoneSimulator.ActiveCfg = Release|x86
		{BAF0E4DD-2A8A-4ECC-B612-B9AD88651CCD}.Ad-Hoc|iPhoneSimulator.Build.0 = Release|x86
		{BAF0E4DD-2A8A-4ECC-B612-B9AD88651CCD}.Ad-Hoc|iPhoneSimulator.Deploy.0 = Release|x86
		{BAF0E4DD-2A8A-4ECC-B612-B9AD88651CCD}.Ad-Hoc|x64.ActiveCfg = Release|x64
		{BAF0E4DD-2A8A-4ECC-B612-B9AD88651CCD}.Ad-Hoc|x64.Build.0 = Release|x64
		{BAF0E4DD-2A8A-4ECC-B612-B9AD88651CCD}.Ad-Hoc|x64.Deploy.0 = Release|x64
		{BAF0E4DD-2A8A-4ECC-B612-B9AD88651CCD}.Ad-Hoc|x86.ActiveCfg = Release|x86
		{BAF0E4DD-2A8A-4ECC-B612-B9AD88651CCD}.Ad-Hoc|x86.Build.0 = Release|x86
		{BAF0E4DD-2A8A-4ECC-B612-B9AD88651CCD}.Ad-Hoc|x86.Deploy.0 = Release|x86
		{BAF0E4DD-2A8A-4ECC-B612-B9AD88651CCD}.AppStore|Any CPU.ActiveCfg = Release|x86
		{BAF0E4DD-2A8A-4ECC-B612-B9AD88651CCD}.AppStore|Any CPU.Build.0 = Release|x86
		{BAF0E4DD-2A8A-4ECC-B612-B9AD88651CCD}.AppStore|Any CPU.Deploy.0 = Release|x86
		{BAF0E4DD-2A8A-4ECC-B612-B9AD88651CCD}.AppStore|ARM.ActiveCfg = Release|ARM
		{BAF0E4DD-2A8A-4ECC-B612-B9AD88651CCD}.AppStore|ARM.Build.0 = Release|ARM
		{BAF0E4DD-2A8A-4ECC-B612-B9AD88651CCD}.AppStore|ARM.Deploy.0 = Release|ARM
		{BAF0E4DD-2A8A-4ECC-B612-B9AD88651CCD}.AppStore|iPhone.ActiveCfg = Release|x86
		{BAF0E4DD-2A8A-4ECC-B612-B9AD88651CCD}.AppStore|iPhone.Build.0 = Release|x86
		{BAF0E4DD-2A8A-4ECC-B612-B9AD88651CCD}.AppStore|iPhone.Deploy.0 = Release|x86
		{BAF0E4DD-2A8A-4ECC-B612-B9AD88651CCD}.AppStore|iPhoneSimulator.ActiveCfg = Release|x86
		{BAF0E4DD-2A8A-4ECC-B612-B9AD88651CCD}.AppStore|iPhoneSimulator.Build.0 = Release|x86
		{BAF0E4DD-2A8A-4ECC-B612-B9AD88651CCD}.AppStore|iPhoneSimulator.Deploy.0 = Release|x86
		{BAF0E4DD-2A8A-4ECC-B612-B9AD88651CCD}.AppStore|x64.ActiveCfg = Release|x64
		{BAF0E4DD-2A8A-4ECC-B612-B9AD88651CCD}.AppStore|x64.Build.0 = Release|x64
		{BAF0E4DD-2A8A-4ECC-B612-B9AD88651CCD}.AppStore|x64.Deploy.0 = Release|x64
		{BAF0E4DD-2A8A-4ECC-B612-B9AD88651CCD}.AppStore|x86.ActiveCfg = Release|x86
		{BAF0E4DD-2A8A-4ECC-B612-B9AD88651CCD}.AppStore|x86.Build.0 = Release|x86
		{BAF0E4DD-2A8A-4ECC-B612-B9AD88651CCD}.AppStore|x86.Deploy.0 = Release|x86
		{BAF0E4DD-2A8A-4ECC-B612-B9AD88651CCD}.Debug|Any CPU.ActiveCfg = Debug|x86
		{BAF0E4DD-2A8A-4ECC-B612-B9AD88651CCD}.Debug|Any CPU.Build.0 = Debug|x86
		{BAF0E4DD-2A8A-4ECC-B612-B9AD88651CCD}.Debug|Any CPU.Deploy.0 = Debug|x86
		{BAF0E4DD-2A8A-4ECC-B612-B9AD88651CCD}.Debug|ARM.ActiveCfg = Debug|ARM
		{BAF0E4DD-2A8A-4ECC-B612-B9AD88651CCD}.Debug|ARM.Build.0 = Debug|ARM
		{BAF0E4DD-2A8A-4ECC-B612-B9AD88651CCD}.Debug|ARM.Deploy.0 = Debug|ARM
		{BAF0E4DD-2A8A-4ECC-B612-B9AD88651CCD}.Debug|iPhone.ActiveCfg = Debug|x86
		{BAF0E4DD-2A8A-4ECC-B612-B9AD88651CCD}.Debug|iPhone.Build.0 = Debug|x86
		{BAF0E4DD-2A8A-4ECC-B612-B9AD88651CCD}.Debug|iPhone.Deploy.0 = Debug|x86
		{BAF0E4DD-2A8A-4ECC-B612-B9AD88651CCD}.Debug|iPhoneSimulator.ActiveCfg = Debug|x86
		{BAF0E4DD-2A8A-4ECC-B612-B9AD88651CCD}.Debug|iPhoneSimulator.Build.0 = Debug|x86
		{BAF0E4DD-2A8A-4ECC-B612-B9AD88651CCD}.Debug|iPhoneSimulator.Deploy.0 = Debug|x86
		{BAF0E4DD-2A8A-4ECC-B612-B9AD88651CCD}.Debug|x64.ActiveCfg = Debug|x64
		{BAF0E4DD-2A8A-4ECC-B612-B9AD88651CCD}.Debug|x64.Build.0 = Debug|x64
		{BAF0E4DD-2A8A-4ECC-B612-B9AD88651CCD}.Debug|x64.Deploy.0 = Debug|x64
		{BAF0E4DD-2A8A-4ECC-B612-B9AD88651CCD}.Debug|x86.ActiveCfg = Debug|x86
		{BAF0E4DD-2A8A-4ECC-B612-B9AD88651CCD}.Debug|x86.Build.0 = Debug|x86
		{BAF0E4DD-2A8A-4ECC-B612-B9AD88651CCD}.Debug|x86.Deploy.0 = Debug|x86
		{BAF0E4DD-2A8A-4ECC-B612-B9AD88651CCD}.Release|Any CPU.ActiveCfg = Release|x86
		{BAF0E4DD-2A8A-4ECC-B612-B9AD88651CCD}.Release|Any CPU.Build.0 = Release|x86
		{BAF0E4DD-2A8A-4ECC-B612-B9AD88651CCD}.Release|Any CPU.Deploy.0 = Release|x86
		{BAF0E4DD-2A8A-4ECC-B612-B9AD88651CCD}.Release|ARM.ActiveCfg = Release|ARM
		{BAF0E4DD-2A8A-4ECC-B612-B9AD88651CCD}.Release|ARM.Build.0 = Release|ARM
		{BAF0E4DD-2A8A-4ECC-B612-B9AD88651CCD}.Release|ARM.Deploy.0 = Release|ARM
		{BAF0E4DD-2A8A-4ECC-B612-B9AD88651CCD}.Release|iPhone.ActiveCfg = Release|x86
		{BAF0E4DD-2A8A-4ECC-B612-B9AD88651CCD}.Release|iPhone.Build.0 = Release|x86
		{BAF0E4DD-2A8A-4ECC-B612-B9AD88651CCD}.Release|iPhone.Deploy.0 = Release|x86
		{BAF0E4DD-2A8A-4ECC-B612-B9AD88651CCD}.Release|iPhoneSimulator.ActiveCfg = Release|x86
		{BAF0E4DD-2A8A-4ECC-B612-B9AD88651CCD}.Release|iPhoneSimulator.Build.0 = Release|x86
		{BAF0E4DD-2A8A-4ECC-B612-B9AD88651CCD}.Release|iPhoneSimulator.Deploy.0 = Release|x86
		{BAF0E4DD-2A8A-4ECC-B612-B9AD88651CCD}.Release|x64.ActiveCfg = Release|x64
		{BAF0E4DD-2A8A-4ECC-B612-B9AD88651CCD}.Release|x64.Build.0 = Release|x64
		{BAF0E4DD-2A8A-4ECC-B612-B9AD88651CCD}.Release|x64.Deploy.0 = Release|x64
		{BAF0E4DD-2A8A-4ECC-B612-B9AD88651CCD}.Release|x86.ActiveCfg = Release|x86
		{BAF0E4DD-2A8A-4ECC-B612-B9AD88651CCD}.Release|x86.Build.0 = Release|x86
		{BAF0E4DD-2A8A-4ECC-B612-B9AD88651CCD}.Release|x86.Deploy.0 = Release|x86
		{791B4653-F907-474D-A3B5-825D024D9DB1}.Ad-Hoc|Any CPU.ActiveCfg = Debug|Any CPU
		{791B4653-F907-474D-A3B5-825D024D9DB1}.Ad-Hoc|Any CPU.Build.0 = Debug|Any CPU
		{791B4653-F907-474D-A3B5-825D024D9DB1}.Ad-Hoc|Any CPU.Deploy.0 = Debug|Any CPU
		{791B4653-F907-474D-A3B5-825D024D9DB1}.Ad-Hoc|ARM.ActiveCfg = Debug|Any CPU
		{791B4653-F907-474D-A3B5-825D024D9DB1}.Ad-Hoc|ARM.Build.0 = Debug|Any CPU
		{791B4653-F907-474D-A3B5-825D024D9DB1}.Ad-Hoc|ARM.Deploy.0 = Debug|Any CPU
		{791B4653-F907-474D-A3B5-825D024D9DB1}.Ad-Hoc|iPhone.ActiveCfg = Debug|Any CPU
		{791B4653-F907-474D-A3B5-825D024D9DB1}.Ad-Hoc|iPhone.Build.0 = Debug|Any CPU
		{791B4653-F907-474D-A3B5-825D024D9DB1}.Ad-Hoc|iPhone.Deploy.0 = Debug|Any CPU
		{791B4653-F907-474D-A3B5-825D024D9DB1}.Ad-Hoc|iPhoneSimulator.ActiveCfg = Debug|Any CPU
		{791B4653-F907-474D-A3B5-825D024D9DB1}.Ad-Hoc|iPhoneSimulator.Build.0 = Debug|Any CPU
		{791B4653-F907-474D-A3B5-825D024D9DB1}.Ad-Hoc|iPhoneSimulator.Deploy.0 = Debug|Any CPU
		{791B4653-F907-474D-A3B5-825D024D9DB1}.Ad-Hoc|x64.ActiveCfg = Debug|Any CPU
		{791B4653-F907-474D-A3B5-825D024D9DB1}.Ad-Hoc|x64.Build.0 = Debug|Any CPU
		{791B4653-F907-474D-A3B5-825D024D9DB1}.Ad-Hoc|x64.Deploy.0 = Debug|Any CPU
		{791B4653-F907-474D-A3B5-825D024D9DB1}.Ad-Hoc|x86.ActiveCfg = Debug|Any CPU
		{791B4653-F907-474D-A3B5-825D024D9DB1}.Ad-Hoc|x86.Build.0 = Debug|Any CPU
		{791B4653-F907-474D-A3B5-825D024D9DB1}.Ad-Hoc|x86.Deploy.0 = Debug|Any CPU
		{791B4653-F907-474D-A3B5-825D024D9DB1}.AppStore|Any CPU.ActiveCfg = Debug|Any CPU
		{791B4653-F907-474D-A3B5-825D024D9DB1}.AppStore|Any CPU.Build.0 = Debug|Any CPU
		{791B4653-F907-474D-A3B5-825D024D9DB1}.AppStore|Any CPU.Deploy.0 = Debug|Any CPU
		{791B4653-F907-474D-A3B5-825D024D9DB1}.AppStore|ARM.ActiveCfg = Debug|Any CPU
		{791B4653-F907-474D-A3B5-825D024D9DB1}.AppStore|ARM.Build.0 = Debug|Any CPU
		{791B4653-F907-474D-A3B5-825D024D9DB1}.AppStore|ARM.Deploy.0 = Debug|Any CPU
		{791B4653-F907-474D-A3B5-825D024D9DB1}.AppStore|iPhone.ActiveCfg = Debug|Any CPU
		{791B4653-F907-474D-A3B5-825D024D9DB1}.AppStore|iPhone.Build.0 = Debug|Any CPU
		{791B4653-F907-474D-A3B5-825D024D9DB1}.AppStore|iPhone.Deploy.0 = Debug|Any CPU
		{791B4653-F907-474D-A3B5-825D024D9DB1}.AppStore|iPhoneSimulator.ActiveCfg = Debug|Any CPU
		{791B4653-F907-474D-A3B5-825D024D9DB1}.AppStore|iPhoneSimulator.Build.0 = Debug|Any CPU
		{791B4653-F907-474D-A3B5-825D024D9DB1}.AppStore|iPhoneSimulator.Deploy.0 = Debug|Any CPU
		{791B4653-F907-474D-A3B5-825D024D9DB1}.AppStore|x64.ActiveCfg = Debug|Any CPU
		{791B4653-F907-474D-A3B5-825D024D9DB1}.AppStore|x64.Build.0 = Debug|Any CPU
		{791B4653-F907-474D-A3B5-825D024D9DB1}.AppStore|x64.Deploy.0 = Debug|Any CPU
		{791B4653-F907-474D-A3B5-825D024D9DB1}.AppStore|x86.ActiveCfg = Debug|Any CPU
		{791B4653-F907-474D-A3B5-825D024D9DB1}.AppStore|x86.Build.0 = Debug|Any CPU
		{791B4653-F907-474D-A3B5-825D024D9DB1}.AppStore|x86.Deploy.0 = Debug|Any CPU
		{791B4653-F907-474D-A3B5-825D024D9DB1}.Debug|Any CPU.ActiveCfg = Debug|Any CPU
		{791B4653-F907-474D-A3B5-825D024D9DB1}.Debug|Any CPU.Build.0 = Debug|Any CPU
		{791B4653-F907-474D-A3B5-825D024D9DB1}.Debug|Any CPU.Deploy.0 = Debug|Any CPU
		{791B4653-F907-474D-A3B5-825D024D9DB1}.Debug|ARM.ActiveCfg = Debug|Any CPU
		{791B4653-F907-474D-A3B5-825D024D9DB1}.Debug|ARM.Build.0 = Debug|Any CPU
		{791B4653-F907-474D-A3B5-825D024D9DB1}.Debug|ARM.Deploy.0 = Debug|Any CPU
		{791B4653-F907-474D-A3B5-825D024D9DB1}.Debug|iPhone.ActiveCfg = Debug|Any CPU
		{791B4653-F907-474D-A3B5-825D024D9DB1}.Debug|iPhone.Build.0 = Debug|Any CPU
		{791B4653-F907-474D-A3B5-825D024D9DB1}.Debug|iPhone.Deploy.0 = Debug|Any CPU
		{791B4653-F907-474D-A3B5-825D024D9DB1}.Debug|iPhoneSimulator.ActiveCfg = Debug|Any CPU
		{791B4653-F907-474D-A3B5-825D024D9DB1}.Debug|iPhoneSimulator.Build.0 = Debug|Any CPU
		{791B4653-F907-474D-A3B5-825D024D9DB1}.Debug|iPhoneSimulator.Deploy.0 = Debug|Any CPU
		{791B4653-F907-474D-A3B5-825D024D9DB1}.Debug|x64.ActiveCfg = Debug|Any CPU
		{791B4653-F907-474D-A3B5-825D024D9DB1}.Debug|x64.Build.0 = Debug|Any CPU
		{791B4653-F907-474D-A3B5-825D024D9DB1}.Debug|x64.Deploy.0 = Debug|Any CPU
		{791B4653-F907-474D-A3B5-825D024D9DB1}.Debug|x86.ActiveCfg = Debug|Any CPU
		{791B4653-F907-474D-A3B5-825D024D9DB1}.Debug|x86.Build.0 = Debug|Any CPU
		{791B4653-F907-474D-A3B5-825D024D9DB1}.Debug|x86.Deploy.0 = Debug|Any CPU
		{791B4653-F907-474D-A3B5-825D024D9DB1}.Release|Any CPU.ActiveCfg = Release|Any CPU
		{791B4653-F907-474D-A3B5-825D024D9DB1}.Release|Any CPU.Build.0 = Release|Any CPU
		{791B4653-F907-474D-A3B5-825D024D9DB1}.Release|Any CPU.Deploy.0 = Release|Any CPU
		{791B4653-F907-474D-A3B5-825D024D9DB1}.Release|ARM.ActiveCfg = Release|Any CPU
		{791B4653-F907-474D-A3B5-825D024D9DB1}.Release|ARM.Build.0 = Release|Any CPU
		{791B4653-F907-474D-A3B5-825D024D9DB1}.Release|ARM.Deploy.0 = Release|Any CPU
		{791B4653-F907-474D-A3B5-825D024D9DB1}.Release|iPhone.ActiveCfg = Release|Any CPU
		{791B4653-F907-474D-A3B5-825D024D9DB1}.Release|iPhone.Build.0 = Release|Any CPU
		{791B4653-F907-474D-A3B5-825D024D9DB1}.Release|iPhone.Deploy.0 = Release|Any CPU
		{791B4653-F907-474D-A3B5-825D024D9DB1}.Release|iPhoneSimulator.ActiveCfg = Release|Any CPU
		{791B4653-F907-474D-A3B5-825D024D9DB1}.Release|iPhoneSimulator.Build.0 = Release|Any CPU
		{791B4653-F907-474D-A3B5-825D024D9DB1}.Release|iPhoneSimulator.Deploy.0 = Release|Any CPU
		{791B4653-F907-474D-A3B5-825D024D9DB1}.Release|x64.ActiveCfg = Release|Any CPU
		{791B4653-F907-474D-A3B5-825D024D9DB1}.Release|x64.Build.0 = Release|Any CPU
		{791B4653-F907-474D-A3B5-825D024D9DB1}.Release|x64.Deploy.0 = Release|Any CPU
		{791B4653-F907-474D-A3B5-825D024D9DB1}.Release|x86.ActiveCfg = Release|Any CPU
		{791B4653-F907-474D-A3B5-825D024D9DB1}.Release|x86.Build.0 = Release|Any CPU
		{791B4653-F907-474D-A3B5-825D024D9DB1}.Release|x86.Deploy.0 = Release|Any CPU
	EndGlobalSection
	GlobalSection(SolutionProperties) = preSolution
		HideSolutionNode = FALSE
	EndGlobalSection
	GlobalSection(ExtensibilityGlobals) = postSolution
		SolutionGuid = {064B43C9-9C9D-4056-A959-5B817C3DD606}
	EndGlobalSection
EndGlobal
